
Microsoft Visual Studio Solution File, Format Version 12.00
# Visual Studio Version 17
VisualStudioVersion = 17.1.32421.90
MinimumVisualStudioVersion = 10.0.40219.1
Project("{FAE04EC0-301F-11D3-BF4B-00C04F79EFBC}") = "RegexExcepation", "RegexExcepation.csproj", "{CE5CC173-66FE-40DE-8601-84EF87C492B1}"
EndProject
Project("{FAE04EC0-301F-11D3-BF4B-00C04F79EFBC}") = "RegexTestCases", "..\RegexTestCases\RegexTestCases.csproj", "{3C09EE7B-DB40-4B7C-9849-8C85D450BA87}"
EndProject
Global
	GlobalSection(SolutionConfigurationPlatforms) = preSolution
		Debug|Any CPU = Debug|Any CPU
		Release|Any CPU = Release|Any CPU
	EndGlobalSection
	GlobalSection(ProjectConfigurationPlatforms) = postSolution
		{CE5CC173-66FE-40DE-8601-84EF87C492B1}.Debug|Any CPU.ActiveCfg = Debug|Any CPU
		{CE5CC173-66FE-40DE-8601-84EF87C492B1}.Debug|Any CPU.Build.0 = Debug|Any CPU
		{CE5CC173-66FE-40DE-8601-84EF87C492B1}.Release|Any CPU.ActiveCfg = Release|Any CPU
		{CE5CC173-66FE-40DE-8601-84EF87C492B1}.Release|Any CPU.Build.0 = Release|Any CPU
		{3C09EE7B-DB40-4B7C-9849-8C85D450BA87}.Debug|Any CPU.ActiveCfg = Debug|Any CPU
		{3C09EE7B-DB40-4B7C-9849-8C85D450BA87}.Debug|Any CPU.Build.0 = Debug|Any CPU
		{3C09EE7B-DB40-4B7C-9849-8C85D450BA87}.Release|Any CPU.ActiveCfg = Release|Any CPU
		{3C09EE7B-DB40-4B7C-9849-8C85D450BA87}.Release|Any CPU.Build.0 = Release|Any CPU
	EndGlobalSection
	GlobalSection(SolutionProperties) = preSolution
		HideSolutionNode = FALSE
	EndGlobalSection
	GlobalSection(ExtensibilityGlobals) = postSolution
		SolutionGuid = {68AC64CE-69C1-433A-AF31-BA5C817133EB}
	EndGlobalSection
EndGlobal
